// !$*UTF8*$!
{
	archiveVersion = 1;
	classes = {
	};
	objectVersion = 55;
	objects = {

/* Begin PBXBuildFile section */
		87F51820284F2C9D00E32251 /* swift_ui_demo_01App.swift in Sources */ = {isa = PBXBuildFile; fileRef = 87F5181F284F2C9D00E32251 /* swift_ui_demo_01App.swift */; };
		87F51822284F2C9D00E32251 /* ContentView.swift in Sources */ = {isa = PBXBuildFile; fileRef = 87F51821284F2C9D00E32251 /* ContentView.swift */; };
		87F51824284F2C9E00E32251 /* Assets.xcassets in Resources */ = {isa = PBXBuildFile; fileRef = 87F51823284F2C9E00E32251 /* Assets.xcassets */; };
		87F51827284F2C9E00E32251 /* Preview Assets.xcassets in Resources */ = {isa = PBXBuildFile; fileRef = 87F51826284F2C9E00E32251 /* Preview Assets.xcassets */; };
		87F51831284F2C9E00E32251 /* swift_ui_demo_01Tests.swift in Sources */ = {isa = PBXBuildFile; fileRef = 87F51830284F2C9E00E32251 /* swift_ui_demo_01Tests.swift */; };
		87F5183B284F2C9E00E32251 /* swift_ui_demo_01UITests.swift in Sources */ = {isa = PBXBuildFile; fileRef = 87F5183A284F2C9E00E32251 /* swift_ui_demo_01UITests.swift */; };
		87F5183D284F2C9E00E32251 /* swift_ui_demo_01UITestsLaunchTests.swift in Sources */ = {isa = PBXBuildFile; fileRef = 87F5183C284F2C9E00E32251 /* swift_ui_demo_01UITestsLaunchTests.swift */; };
/* End PBXBuildFile section */

/* Begin PBXContainerItemProxy section */
		87F5182D284F2C9E00E32251 /* PBXContainerItemProxy */ = {
			isa = PBXContainerItemProxy;
			containerPortal = 87F51814284F2C9D00E32251 /* Project object */;
			proxyType = 1;
			remoteGlobalIDString = 87F5181B284F2C9D00E32251;
			remoteInfo = "swift-ui-demo-01";
		};
		87F51837284F2C9E00E32251 /* PBXContainerItemProxy */ = {
			isa = PBXContainerItemProxy;
			containerPortal = 87F51814284F2C9D00E32251 /* Project object */;
			proxyType = 1;
			remoteGlobalIDString = 87F5181B284F2C9D00E32251;
			remoteInfo = "swift-ui-demo-01";
		};
/* End PBXContainerItemProxy section */

/* Begin PBXFileReference section */
		87F5181C284F2C9D00E32251 /* swift-ui-demo-01.app */ = {isa = PBXFileReference; explicitFileType = wrapper.application; includeInIndex = 0; path = "swift-ui-demo-01.app"; sourceTree = BUILT_PRODUCTS_DIR; };
		87F5181F284F2C9D00E32251 /* swift_ui_demo_01App.swift */ = {isa = PBXFileReference; lastKnownFileType = sourcecode.swift; path = swift_ui_demo_01App.swift; sourceTree = "<group>"; };
		87F51821284F2C9D00E32251 /* ContentView.swift */ = {isa = PBXFileReference; lastKnownFileType = sourcecode.swift; path = ContentView.swift; sourceTree = "<group>"; };
		87F51823284F2C9E00E32251 /* Assets.xcassets */ = {isa = PBXFileReference; lastKnownFileType = folder.assetcatalog; path = Assets.xcassets; sourceTree = "<group>"; };
		87F51826284F2C9E00E32251 /* Preview Assets.xcassets */ = {isa = PBXFileReference; lastKnownFileType = folder.assetcatalog; path = "Preview Assets.xcassets"; sourceTree = "<group>"; };
		87F5182C284F2C9E00E32251 /* swift-ui-demo-01Tests.xctest */ = {isa = PBXFileReference; explicitFileType = wrapper.cfbundle; includeInIndex = 0; path = "swift-ui-demo-01Tests.xctest"; sourceTree = BUILT_PRODUCTS_DIR; };
		87F51830284F2C9E00E32251 /* swift_ui_demo_01Tests.swift */ = {isa = PBXFileReference; lastKnownFileType = sourcecode.swift; path = swift_ui_demo_01Tests.swift; sourceTree = "<group>"; };
		87F51836284F2C9E00E32251 /* swift-ui-demo-01UITests.xctest */ = {isa = PBXFileReference; explicitFileType = wrapper.cfbundle; includeInIndex = 0; path = "swift-ui-demo-01UITests.xctest"; sourceTree = BUILT_PRODUCTS_DIR; };
		87F5183A284F2C9E00E32251 /* swift_ui_demo_01UITests.swift */ = {isa = PBXFileReference; lastKnownFileType = sourcecode.swift; path = swift_ui_demo_01UITests.swift; sourceTree = "<group>"; };
		87F5183C284F2C9E00E32251 /* swift_ui_demo_01UITestsLaunchTests.swift */ = {isa = PBXFileReference; lastKnownFileType = sourcecode.swift; path = swift_ui_demo_01UITestsLaunchTests.swift; sourceTree = "<group>"; };
/* End PBXFileReference section */

/* Begin PBXFrameworksBuildPhase section */
		87F51819284F2C9D00E32251 /* Frameworks */ = {
			isa = PBXFrameworksBuildPhase;
			buildActionMask = 2147483647;
			files = (
			);
			runOnlyForDeploymentPostprocessing = 0;
		};
		87F51829284F2C9E00E32251 /* Frameworks */ = {
			isa = PBXFrameworksBuildPhase;
			buildActionMask = 2147483647;
			files = (
			);
			runOnlyForDeploymentPostprocessing = 0;
		};
		87F51833284F2C9E00E32251 /* Frameworks */ = {
			isa = PBXFrameworksBuildPhase;
			buildActionMask = 2147483647;
			files = (
			);
			runOnlyForDeploymentPostprocessing = 0;
		};
/* End PBXFrameworksBuildPhase section */

/* Begin PBXGroup section */
		87F51813284F2C9D00E32251 = {
			isa = PBXGroup;
			children = (
				87F5181E284F2C9D00E32251 /* swift-ui-demo-01 */,
				87F5182F284F2C9E00E32251 /* swift-ui-demo-01Tests */,
				87F51839284F2C9E00E32251 /* swift-ui-demo-01UITests */,
				87F5181D284F2C9D00E32251 /* Products */,
			);
			sourceTree = "<group>";
		};
		87F5181D284F2C9D00E32251 /* Products */ = {
			isa = PBXGroup;
			children = (
				87F5181C284F2C9D00E32251 /* swift-ui-demo-01.app */,
				87F5182C284F2C9E00E32251 /* swift-ui-demo-01Tests.xctest */,
				87F51836284F2C9E00E32251 /* swift-ui-demo-01UITests.xctest */,
			);
			name = Products;
			sourceTree = "<group>";
		};
		87F5181E284F2C9D00E32251 /* swift-ui-demo-01 */ = {
			isa = PBXGroup;
			children = (
				87F5181F284F2C9D00E32251 /* swift_ui_demo_01App.swift */,
				87F51821284F2C9D00E32251 /* ContentView.swift */,
				87F51823284F2C9E00E32251 /* Assets.xcassets */,
				87F51825284F2C9E00E32251 /* Preview Content */,
			);
			path = "swift-ui-demo-01";
			sourceTree = "<group>";
		};
		87F51825284F2C9E00E32251 /* Preview Content */ = {
			isa = PBXGroup;
			children = (
				87F51826284F2C9E00E32251 /* Preview Assets.xcassets */,
			);
			path = "Preview Content";
			sourceTree = "<group>";
		};
		87F5182F284F2C9E00E32251 /* swift-ui-demo-01Tests */ = {
			isa = PBXGroup;
			children = (
				87F51830284F2C9E00E32251 /* swift_ui_demo_01Tests.swift */,
			);
			path = "swift-ui-demo-01Tests";
			sourceTree = "<group>";
		};
		87F51839284F2C9E00E32251 /* swift-ui-demo-01UITests */ = {
			isa = PBXGroup;
			children = (
				87F5183A284F2C9E00E32251 /* swift_ui_demo_01UITests.swift */,
				87F5183C284F2C9E00E32251 /* swift_ui_demo_01UITestsLaunchTests.swift */,
			);
			path = "swift-ui-demo-01UITests";
			sourceTree = "<group>";
		};
/* End PBXGroup section */

/* Begin PBXNativeTarget section */
		87F5181B284F2C9D00E32251 /* swift-ui-demo-01 */ = {
			isa = PBXNativeTarget;
			buildConfigurationList = 87F51840284F2C9E00E32251 /* Build configuration list for PBXNativeTarget "swift-ui-demo-01" */;
			buildPhases = (
				87F51818284F2C9D00E32251 /* Sources */,
				87F51819284F2C9D00E32251 /* Frameworks */,
				87F5181A284F2C9D00E32251 /* Resources */,
			);
			buildRules = (
			);
			dependencies = (
			);
			name = "swift-ui-demo-01";
			productName = "swift-ui-demo-01";
			productReference = 87F5181C284F2C9D00E32251 /* swift-ui-demo-01.app */;
			productType = "com.apple.product-type.application";
		};
		87F5182B284F2C9E00E32251 /* swift-ui-demo-01Tests */ = {
			isa = PBXNativeTarget;
			buildConfigurationList = 87F51843284F2C9E00E32251 /* Build configuration list for PBXNativeTarget "swift-ui-demo-01Tests" */;
			buildPhases = (
				87F51828284F2C9E00E32251 /* Sources */,
				87F51829284F2C9E00E32251 /* Frameworks */,
				87F5182A284F2C9E00E32251 /* Resources */,
			);
			buildRules = (
			);
			dependencies = (
				87F5182E284F2C9E00E32251 /* PBXTargetDependency */,
			);
			name = "swift-ui-demo-01Tests";
			productName = "swift-ui-demo-01Tests";
			productReference = 87F5182C284F2C9E00E32251 /* swift-ui-demo-01Tests.xctest */;
			productType = "com.apple.product-type.bundle.unit-test";
		};
		87F51835284F2C9E00E32251 /* swift-ui-demo-01UITests */ = {
			isa = PBXNativeTarget;
			buildConfigurationList = 87F51846284F2C9E00E32251 /* Build configuration list for PBXNativeTarget "swift-ui-demo-01UITests" */;
			buildPhases = (
				87F51832284F2C9E00E32251 /* Sources */,
				87F51833284F2C9E00E32251 /* Frameworks */,
				87F51834284F2C9E00E32251 /* Resources */,
			);
			buildRules = (
			);
			dependencies = (
				87F51838284F2C9E00E32251 /* PBXTargetDependency */,
			);
			name = "swift-ui-demo-01UITests";
			productName = "swift-ui-demo-01UITests";
			productReference = 87F51836284F2C9E00E32251 /* swift-ui-demo-01UITests.xctest */;
			productType = "com.apple.product-type.bundle.ui-testing";
		};
/* End PBXNativeTarget section */

/* Begin PBXProject section */
		87F51814284F2C9D00E32251 /* Project object */ = {
			isa = PBXProject;
			attributes = {
				BuildIndependentTargetsInParallel = 1;
				LastSwiftUpdateCheck = 1340;
				LastUpgradeCheck = 1340;
				TargetAttributes = {
					87F5181B284F2C9D00E32251 = {
						CreatedOnToolsVersion = 13.4.1;
					};
					87F5182B284F2C9E00E32251 = {
						CreatedOnToolsVersion = 13.4.1;
						TestTargetID = 87F5181B284F2C9D00E32251;
					};
					87F51835284F2C9E00E32251 = {
						CreatedOnToolsVersion = 13.4.1;
						TestTargetID = 87F5181B284F2C9D00E32251;
					};
				};
			};
			buildConfigurationList = 87F51817284F2C9D00E32251 /* Build configuration list for PBXProject "swift-ui-demo-01" */;
			compatibilityVersion = "Xcode 13.0";
			developmentRegion = en;
			hasScannedForEncodings = 0;
			knownRegions = (
				en,
				Base,
			);
			mainGroup = 87F51813284F2C9D00E32251;
			productRefGroup = 87F5181D284F2C9D00E32251 /* Products */;
			projectDirPath = "";
			projectRoot = "";
			targets = (
				87F5181B284F2C9D00E32251 /* swift-ui-demo-01 */,
				87F5182B284F2C9E00E32251 /* swift-ui-demo-01Tests */,
				87F51835284F2C9E00E32251 /* swift-ui-demo-01UITests */,
			);
		};
/* End PBXProject section */

/* Begin PBXResourcesBuildPhase section */
		87F5181A284F2C9D00E32251 /* Resources */ = {
			isa = PBXResourcesBuildPhase;
			buildActionMask = 2147483647;
			files = (
				87F51827284F2C9E00E32251 /* Preview Assets.xcassets in Resources */,
				87F51824284F2C9E00E32251 /* Assets.xcassets in Resources */,
			);
			runOnlyForDeploymentPostprocessing = 0;
		};
		87F5182A284F2C9E00E32251 /* Resources */ = {
			isa = PBXResourcesBuildPhase;
			buildActionMask = 2147483647;
			files = (
			);
			runOnlyForDeploymentPostprocessing = 0;
		};
		87F51834284F2C9E00E32251 /* Resources */ = {
			isa = PBXResourcesBuildPhase;
			buildActionMask = 2147483647;
			files = (
			);
			runOnlyForDeploymentPostprocessing = 0;
		};
/* End PBXResourcesBuildPhase section */

/* Begin PBXSourcesBuildPhase section */
		87F51818284F2C9D00E32251 /* Sources */ = {
			isa = PBXSourcesBuildPhase;
			buildActionMask = 2147483647;
			files = (
				87F51822284F2C9D00E32251 /* ContentView.swift in Sources */,
				87F51820284F2C9D00E32251 /* swift_ui_demo_01App.swift in Sources */,
			);
			runOnlyForDeploymentPostprocessing = 0;
		};
		87F51828284F2C9E00E32251 /* Sources */ = {
			isa = PBXSourcesBuildPhase;
			buildActionMask = 2147483647;
			files = (
				87F51831284F2C9E00E32251 /* swift_ui_demo_01Tests.swift in Sources */,
			);
			runOnlyForDeploymentPostprocessing = 0;
		};
		87F51832284F2C9E00E32251 /* Sources */ = {
			isa = PBXSourcesBuildPhase;
			buildActionMask = 2147483647;
			files = (
				87F5183D284F2C9E00E32251 /* swift_ui_demo_01UITestsLaunchTests.swift in Sources */,
				87F5183B284F2C9E00E32251 /* swift_ui_demo_01UITests.swift in Sources */,
			);
			runOnlyForDeploymentPostprocessing = 0;
		};
/* End PBXSourcesBuildPhase section */

/* Begin PBXTargetDependency section */
		87F5182E284F2C9E00E32251 /* PBXTargetDependency */ = {
			isa = PBXTargetDependency;
			target = 87F5181B284F2C9D00E32251 /* swift-ui-demo-01 */;
			targetProxy = 87F5182D284F2C9E00E32251 /* PBXContainerItemProxy */;
		};
		87F51838284F2C9E00E32251 /* PBXTargetDependency */ = {
			isa = PBXTargetDependency;
			target = 87F5181B284F2C9D00E32251 /* swift-ui-demo-01 */;
			targetProxy = 87F51837284F2C9E00E32251 /* PBXContainerItemProxy */;
		};
/* End PBXTargetDependency section */

/* Begin XCBuildConfiguration section */
		87F5183E284F2C9E00E32251 /* Debug */ = {
			isa = XCBuildConfiguration;
			buildSettings = {
				ALWAYS_SEARCH_USER_PATHS = NO;
				CLANG_ANALYZER_NONNULL = YES;
				CLANG_ANALYZER_NUMBER_OBJECT_CONVERSION = YES_AGGRESSIVE;
				CLANG_CXX_LANGUAGE_STANDARD = "gnu++17";
				CLANG_ENABLE_MODULES = YES;
				CLANG_ENABLE_OBJC_ARC = YES;
				CLANG_ENABLE_OBJC_WEAK = YES;
				CLANG_WARN_BLOCK_CAPTURE_AUTORELEASING = YES;
				CLANG_WARN_BOOL_CONVERSION = YES;
				CLANG_WARN_COMMA = YES;
				CLANG_WARN_CONSTANT_CONVERSION = YES;
				CLANG_WARN_DEPRECATED_OBJC_IMPLEMENTATIONS = YES;
				CLANG_WARN_DIRECT_OBJC_ISA_USAGE = YES_ERROR;
				CLANG_WARN_DOCUMENTATION_COMMENTS = YES;
				CLANG_WARN_EMPTY_BODY = YES;
				CLANG_WARN_ENUM_CONVERSION = YES;
				CLANG_WARN_INFINITE_RECURSION = YES;
				CLANG_WARN_INT_CONVERSION = YES;
				CLANG_WARN_NON_LITERAL_NULL_CONVERSION = YES;
				CLANG_WARN_OBJC_IMPLICIT_RETAIN_SELF = YES;
				CLANG_WARN_OBJC_LITERAL_CONVERSION = YES;
				CLANG_WARN_OBJC_ROOT_CLASS = YES_ERROR;
				CLANG_WARN_QUOTED_INCLUDE_IN_FRAMEWORK_HEADER = YES;
				CLANG_WARN_RANGE_LOOP_ANALYSIS = YES;
				CLANG_WARN_STRICT_PROTOTYPES = YES;
				CLANG_WARN_SUSPICIOUS_MOVE = YES;
				CLANG_WARN_UNGUARDED_AVAILABILITY = YES_AGGRESSIVE;
				CLANG_WARN_UNREACHABLE_CODE = YES;
				CLANG_WARN__DUPLICATE_METHOD_MATCH = YES;
				COPY_PHASE_STRIP = NO;
				DEBUG_INFORMATION_FORMAT = dwarf;
				ENABLE_STRICT_OBJC_MSGSEND = YES;
				ENABLE_TESTABILITY = YES;
				GCC_C_LANGUAGE_STANDARD = gnu11;
				GCC_DYNAMIC_NO_PIC = NO;
				GCC_NO_COMMON_BLOCKS = YES;
				GCC_OPTIMIZATION_LEVEL = 0;
				GCC_PREPROCESSOR_DEFINITIONS = (
					"DEBUG=1",
					"$(inherited)",
				);
				GCC_WARN_64_TO_32_BIT_CONVERSION = YES;
				GCC_WARN_ABOUT_RETURN_TYPE = YES_ERROR;
				GCC_WARN_UNDECLARED_SELECTOR = YES;
				GCC_WARN_UNINITIALIZED_AUTOS = YES_AGGRESSIVE;
				GCC_WARN_UNUSED_FUNCTION = YES;
				GCC_WARN_UNUSED_VARIABLE = YES;
				IPHONEOS_DEPLOYMENT_TARGET = 15.5;
				MTL_ENABLE_DEBUG_INFO = INCLUDE_SOURCE;
				MTL_FAST_MATH = YES;
				ONLY_ACTIVE_ARCH = YES;
				SDKROOT = iphoneos;
				SWIFT_ACTIVE_COMPILATION_CONDITIONS = DEBUG;
				SWIFT_OPTIMIZATION_LEVEL = "-Onone";
			};
			name = Debug;
		};
		87F5183F284F2C9E00E32251 /* Release */ = {
			isa = XCBuildConfiguration;
			buildSettings = {
				ALWAYS_SEARCH_USER_PATHS = NO;
				CLANG_ANALYZER_NONNULL = YES;
				CLANG_ANALYZER_NUMBER_OBJECT_CONVERSION = YES_AGGRESSIVE;
				CLANG_CXX_LANGUAGE_STANDARD = "gnu++17";
				CLANG_ENABLE_MODULES = YES;
				CLANG_ENABLE_OBJC_ARC = YES;
				CLANG_ENABLE_OBJC_WEAK = YES;
				CLANG_WARN_BLOCK_CAPTURE_AUTORELEASING = YES;
				CLANG_WARN_BOOL_CONVERSION = YES;
				CLANG_WARN_COMMA = YES;
				CLANG_WARN_CONSTANT_CONVERSION = YES;
				CLANG_WARN_DEPRECATED_OBJC_IMPLEMENTATIONS = YES;
				CLANG_WARN_DIRECT_OBJC_ISA_USAGE = YES_ERROR;
				CLANG_WARN_DOCUMENTATION_COMMENTS = YES;
				CLANG_WARN_EMPTY_BODY = YES;
				CLANG_WARN_ENUM_CONVERSION = YES;
				CLANG_WARN_INFINITE_RECURSION = YES;
				CLANG_WARN_INT_CONVERSION = YES;
				CLANG_WARN_NON_LITERAL_NULL_CONVERSION = YES;
				CLANG_WARN_OBJC_IMPLICIT_RETAIN_SELF = YES;
				CLANG_WARN_OBJC_LITERAL_CONVERSION = YES;
				CLANG_WARN_OBJC_ROOT_CLASS = YES_ERROR;
				CLANG_WARN_QUOTED_INCLUDE_IN_FRAMEWORK_HEADER = YES;
				CLANG_WARN_RANGE_LOOP_ANALYSIS = YES;
				CLANG_WARN_STRICT_PROTOTYPES = YES;
				CLANG_WARN_SUSPICIOUS_MOVE = YES;
				CLANG_WARN_UNGUARDED_AVAILABILITY = YES_AGGRESSIVE;
				CLANG_WARN_UNREACHABLE_CODE = YES;
				CLANG_WARN__DUPLICATE_METHOD_MATCH = YES;
				COPY_PHASE_STRIP = NO;
				DEBUG_INFORMATION_FORMAT = "dwarf-with-dsym";
				ENABLE_NS_ASSERTIONS = NO;
				ENABLE_STRICT_OBJC_MSGSEND = YES;
				GCC_C_LANGUAGE_STANDARD = gnu11;
				GCC_NO_COMMON_BLOCKS = YES;
				GCC_WARN_64_TO_32_BIT_CONVERSION = YES;
				GCC_WARN_ABOUT_RETURN_TYPE = YES_ERROR;
				GCC_WARN_UNDECLARED_SELECTOR = YES;
				GCC_WARN_UNINITIALIZED_AUTOS = YES_AGGRESSIVE;
				GCC_WARN_UNUSED_FUNCTION = YES;
				GCC_WARN_UNUSED_VARIABLE = YES;
				IPHONEOS_DEPLOYMENT_TARGET = 15.5;
				MTL_ENABLE_DEBUG_INFO = NO;
				MTL_FAST_MATH = YES;
				SDKROOT = iphoneos;
				SWIFT_COMPILATION_MODE = wholemodule;
				SWIFT_OPTIMIZATION_LEVEL = "-O";
				VALIDATE_PRODUCT = YES;
			};
			name = Release;
		};
		87F51841284F2C9E00E32251 /* Debug */ = {
			isa = XCBuildConfiguration;
			buildSettings = {
				ASSETCATALOG_COMPILER_APPICON_NAME = AppIcon;
				ASSETCATALOG_COMPILER_GLOBAL_ACCENT_COLOR_NAME = AccentColor;
				CODE_SIGN_STYLE = Automatic;
				CURRENT_PROJECT_VERSION = 1;
				DEVELOPMENT_ASSET_PATHS = "\"swift-ui-demo-01/Preview Content\"";
				ENABLE_PREVIEWS = YES;
				GENERATE_INFOPLIST_FILE = YES;
				INFOPLIST_KEY_UIApplicationSceneManifest_Generation = YES;
				INFOPLIST_KEY_UIApplicationSupportsIndirectInputEvents = YES;
				INFOPLIST_KEY_UILaunchScreen_Generation = YES;
				INFOPLIST_KEY_UISupportedInterfaceOrientations_iPad = "UIInterfaceOrientationPortrait UIInterfaceOrientationPortraitUpsideDown UIInterfaceOrientationLandscapeLeft UIInterfaceOrientationLandscapeRight";
				INFOPLIST_KEY_UISupportedInterfaceOrientations_iPhone = "UIInterfaceOrientationPortrait UIInterfaceOrientationLandscapeLeft UIInterfaceOrientationLandscapeRight";
				LD_RUNPATH_SEARCH_PATHS = (
					"$(inherited)",
					"@executable_path/Frameworks",
				);
				MARKETING_VERSION = 1.0;
				PRODUCT_BUNDLE_IDENTIFIER = "inke-ux.swift-ui-demo-01";
				PRODUCT_NAME = "$(TARGET_NAME)";
				SWIFT_EMIT_LOC_STRINGS = YES;
				SWIFT_VERSION = 5.0;
				TARGETED_DEVICE_FAMILY = "1,2";
			};
			name = Debug;
		};
		87F51842284F2C9E00E32251 /* Release */ = {
			isa = XCBuildConfiguration;
			buildSettings = {
				ASSETCATALOG_COMPILER_APPICON_NAME = AppIcon;
				ASSETCATALOG_COMPILER_GLOBAL_ACCENT_COLOR_NAME = AccentColor;
				CODE_SIGN_STYLE = Automatic;
				CURRENT_PROJECT_VERSION = 1;
				DEVELOPMENT_ASSET_PATHS = "\"swift-ui-demo-01/Preview Content\"";
				ENABLE_PREVIEWS = YES;
				GENERATE_INFOPLIST_FILE = YES;
				INFOPLIST_KEY_UIApplicationSceneManifest_Generation = YES;
				INFOPLIST_KEY_UIApplicationSupportsIndirectInputEvents = YES;
				INFOPLIST_KEY_UILaunchScreen_Generation = YES;
				INFOPLIST_KEY_UISupportedInterfaceOrientations_iPad = "UIInterfaceOrientationPortrait UIInterfaceOrientationPortraitUpsideDown UIInterfaceOrientationLandscapeLeft UIInterfaceOrientationLandscapeRight";
				INFOPLIST_KEY_UISupportedInterfaceOrientations_iPhone = "UIInterfaceOrientationPortrait UIInterfaceOrientationLandscapeLeft UIInterfaceOrientationLandscapeRight";
				LD_RUNPATH_SEARCH_PATHS = (
					"$(inherited)",
					"@executable_path/Frameworks",
				);
				MARKETING_VERSION = 1.0;
				PRODUCT_BUNDLE_IDENTIFIER = "inke-ux.swift-ui-demo-01";
				PRODUCT_NAME = "$(TARGET_NAME)";
				SWIFT_EMIT_LOC_STRINGS = YES;
				SWIFT_VERSION = 5.0;
				TARGETED_DEVICE_FAMILY = "1,2";
			};
			name = Release;
		};
		87F51844284F2C9E00E32251 /* Debug */ = {
			isa = XCBuildConfiguration;
			buildSettings = {
				ALWAYS_EMBED_SWIFT_STANDARD_LIBRARIES = YES;
				BUNDLE_LOADER = "$(TEST_HOST)";
				CODE_SIGN_STYLE = Automatic;
				CURRENT_PROJECT_VERSION = 1;
				GENERATE_INFOPLIST_FILE = YES;
				IPHONEOS_DEPLOYMENT_TARGET = 15.5;
				MARKETING_VERSION = 1.0;
				PRODUCT_BUNDLE_IDENTIFIER = "inke-ux.swift-ui-demo-01Tests";
				PRODUCT_NAME = "$(TARGET_NAME)";
				SWIFT_EMIT_LOC_STRINGS = NO;
				SWIFT_VERSION = 5.0;
				TARGETED_DEVICE_FAMILY = "1,2";
				TEST_HOST = "$(BUILT_PRODUCTS_DIR)/swift-ui-demo-01.app/swift-ui-demo-01";
			};
			name = Debug;
		};
		87F51845284F2C9E00E32251 /* Release */ = {
			isa = XCBuildConfiguration;
			buildSettings = {
				ALWAYS_EMBED_SWIFT_STANDARD_LIBRARIES = YES;
				BUNDLE_LOADER = "$(TEST_HOST)";
				CODE_SIGN_STYLE = Automatic;
				CURRENT_PROJECT_VERSION = 1;
				GENERATE_INFOPLIST_FILE = YES;
				IPHONEOS_DEPLOYMENT_TARGET = 15.5;
				MARKETING_VERSION = 1.0;
				PRODUCT_BUNDLE_IDENTIFIER = "inke-ux.swift-ui-demo-01Tests";
				PRODUCT_NAME = "$(TARGET_NAME)";
				SWIFT_EMIT_LOC_STRINGS = NO;
				SWIFT_VERSION = 5.0;
				TARGETED_DEVICE_FAMILY = "1,2";
				TEST_HOST = "$(BUILT_PRODUCTS_DIR)/swift-ui-demo-01.app/swift-ui-demo-01";
			};
			name = Release;
		};
		87F51847284F2C9E00E32251 /* Debug */ = {
			isa = XCBuildConfiguration;
			buildSettings = {
				ALWAYS_EMBED_SWIFT_STANDARD_LIBRARIES = YES;
				CODE_SIGN_STYLE = Automatic;
				CURRENT_PROJECT_VERSION = 1;
				GENERATE_INFOPLIST_FILE = YES;
				MARKETING_VERSION = 1.0;
				PRODUCT_BUNDLE_IDENTIFIER = "inke-ux.swift-ui-demo-01UITests";
				PRODUCT_NAME = "$(TARGET_NAME)";
				SWIFT_EMIT_LOC_STRINGS = NO;
				SWIFT_VERSION = 5.0;
				TARGETED_DEVICE_FAMILY = "1,2";
				TEST_TARGET_NAME = "swift-ui-demo-01";
			};
			name = Debug;
		};
		87F51848284F2C9E00E32251 /* Release */ = {
			isa = XCBuildConfiguration;
			buildSettings = {
				ALWAYS_EMBED_SWIFT_STANDARD_LIBRARIES = YES;
				CODE_SIGN_STYLE = Automatic;
				CURRENT_PROJECT_VERSION = 1;
				GENERATE_INFOPLIST_FILE = YES;
				MARKETING_VERSION = 1.0;
				PRODUCT_BUNDLE_IDENTIFIER = "inke-ux.swift-ui-demo-01UITests";
				PRODUCT_NAME = "$(TARGET_NAME)";
				SWIFT_EMIT_LOC_STRINGS = NO;
				SWIFT_VERSION = 5.0;
				TARGETED_DEVICE_FAMILY = "1,2";
				TEST_TARGET_NAME = "swift-ui-demo-01";
			};
			name = Release;
		};
/* End XCBuildConfiguration section */

/* Begin XCConfigurationList section */
		87F51817284F2C9D00E32251 /* Build configuration list for PBXProject "swift-ui-demo-01" */ = {
			isa = XCConfigurationList;
			buildConfigurations = (
				87F5183E284F2C9E00E32251 /* Debug */,
				87F5183F284F2C9E00E32251 /* Release */,
			);
			defaultConfigurationIsVisible = 0;
			defaultConfigurationName = Release;
		};
		87F51840284F2C9E00E32251 /* Build configuration list for PBXNativeTarget "swift-ui-demo-01" */ = {
			isa = XCConfigurationList;
			buildConfigurations = (
				87F51841284F2C9E00E32251 /* Debug */,
				87F51842284F2C9E00E32251 /* Release */,
			);
			defaultConfigurationIsVisible = 0;
			defaultConfigurationName = Release;
		};
		87F51843284F2C9E00E32251 /* Build configuration list for PBXNativeTarget "swift-ui-demo-01Tests" */ = {
			isa = XCConfigurationList;
			buildConfigurations = (
				87F51844284F2C9E00E32251 /* Debug */,
				87F51845284F2C9E00E32251 /* Release */,
			);
			defaultConfigurationIsVisible = 0;
			defaultConfigurationName = Release;
		};
		87F51846284F2C9E00E32251 /* Build configuration list for PBXNativeTarget "swift-ui-demo-01UITests" */ = {
			isa = XCConfigurationList;
			buildConfigurations = (
				87F51847284F2C9E00E32251 /* Debug */,
				87F51848284F2C9E00E32251 /* Release */,
			);
			defaultConfigurationIsVisible = 0;
			defaultConfigurationName = Release;
		};
/* End XCConfigurationList section */
	};
	rootObject = 87F51814284F2C9D00E32251 /* Project object */;
}
